// !$*UTF8*$!
{
	archiveVersion = 1;
	classes = {
	};
	objectVersion = 46;
	objects = {

/* Begin PBXBuildFile section */
		7770A3F818F0A681009D7650 /* Foundation.framework in Frameworks */ = {isa = PBXBuildFile; fileRef = 7770A3F718F0A681009D7650 /* Foundation.framework */; };
		7770A3FA18F0A681009D7650 /* CoreGraphics.framework in Frameworks */ = {isa = PBXBuildFile; fileRef = 7770A3F918F0A681009D7650 /* CoreGraphics.framework */; };
		7770A3FC18F0A681009D7650 /* UIKit.framework in Frameworks */ = {isa = PBXBuildFile; fileRef = 7770A3FB18F0A681009D7650 /* UIKit.framework */; };
		7770A40218F0A681009D7650 /* InfoPlist.strings in Resources */ = {isa = PBXBuildFile; fileRef = 7770A40018F0A681009D7650 /* InfoPlist.strings */; };
		7770A40418F0A681009D7650 /* main.m in Sources */ = {isa = PBXBuildFile; fileRef = 7770A40318F0A681009D7650 /* main.m */; };
		7770A40818F0A681009D7650 /* CSMAppDelegate.m in Sources */ = {isa = PBXBuildFile; fileRef = 7770A40718F0A681009D7650 /* CSMAppDelegate.m */; };
		7770A40B18F0A681009D7650 /* Main.storyboard in Resources */ = {isa = PBXBuildFile; fileRef = 7770A40918F0A681009D7650 /* Main.storyboard */; };
		7770A40E18F0A681009D7650 /* CSMViewController.m in Sources */ = {isa = PBXBuildFile; fileRef = 7770A40D18F0A681009D7650 /* CSMViewController.m */; };
		7770A41018F0A681009D7650 /* Images.xcassets in Resources */ = {isa = PBXBuildFile; fileRef = 7770A40F18F0A681009D7650 /* Images.xcassets */; };
		7770A41718F0A681009D7650 /* XCTest.framework in Frameworks */ = {isa = PBXBuildFile; fileRef = 7770A41618F0A681009D7650 /* XCTest.framework */; };
		7770A41818F0A681009D7650 /* Foundation.framework in Frameworks */ = {isa = PBXBuildFile; fileRef = 7770A3F718F0A681009D7650 /* Foundation.framework */; };
		7770A41918F0A681009D7650 /* UIKit.framework in Frameworks */ = {isa = PBXBuildFile; fileRef = 7770A3FB18F0A681009D7650 /* UIKit.framework */; };
		7770A42118F0A681009D7650 /* InfoPlist.strings in Resources */ = {isa = PBXBuildFile; fileRef = 7770A41F18F0A681009D7650 /* InfoPlist.strings */; };
		7770A42318F0A681009D7650 /* Chess_StreamTests.m in Sources */ = {isa = PBXBuildFile; fileRef = 7770A42218F0A681009D7650 /* Chess_StreamTests.m */; };
		7770A42E18F0B8D2009D7650 /* CSMCaptureAndUploadVC.m in Sources */ = {isa = PBXBuildFile; fileRef = 7770A42D18F0B8D2009D7650 /* CSMCaptureAndUploadVC.m */; };
		7770A43018F0BD82009D7650 /* AVFoundation.framework in Frameworks */ = {isa = PBXBuildFile; fileRef = 7770A42F18F0BD82009D7650 /* AVFoundation.framework */; };
		7770A43318F0D596009D7650 /* AVCamPreviewView.m in Sources */ = {isa = PBXBuildFile; fileRef = 7770A43218F0D596009D7650 /* AVCamPreviewView.m */; };
		78B089C1DD0241198FFFC234 /* libPods.a in Frameworks */ = {isa = PBXBuildFile; fileRef = 99EBF9794BC9481DB98ED7CB /* libPods.a */; };
/* End PBXBuildFile section */

/* Begin PBXContainerItemProxy section */
		7770A41A18F0A681009D7650 /* PBXContainerItemProxy */ = {
			isa = PBXContainerItemProxy;
			containerPortal = 7770A3EC18F0A681009D7650 /* Project object */;
			proxyType = 1;
			remoteGlobalIDString = 7770A3F318F0A681009D7650;
			remoteInfo = "Chess Stream";
		};
/* End PBXContainerItemProxy section */

/* Begin PBXFileReference section */
		596CE78B8B10473FB92475EE /* Pods.xcconfig */ = {isa = PBXFileReference; includeInIndex = 1; lastKnownFileType = text.xcconfig; name = Pods.xcconfig; path = Pods/Pods.xcconfig; sourceTree = "<group>"; };
		7770A3F418F0A681009D7650 /* Chess Stream.app */ = {isa = PBXFileReference; explicitFileType = wrapper.application; includeInIndex = 0; path = "Chess Stream.app"; sourceTree = BUILT_PRODUCTS_DIR; };
		7770A3F718F0A681009D7650 /* Foundation.framework */ = {isa = PBXFileReference; lastKnownFileType = wrapper.framework; name = Foundation.framework; path = System/Library/Frameworks/Foundation.framework; sourceTree = SDKROOT; };
		7770A3F918F0A681009D7650 /* CoreGraphics.framework */ = {isa = PBXFileReference; lastKnownFileType = wrapper.framework; name = CoreGraphics.framework; path = System/Library/Frameworks/CoreGraphics.framework; sourceTree = SDKROOT; };
		7770A3FB18F0A681009D7650 /* UIKit.framework */ = {isa = PBXFileReference; lastKnownFileType = wrapper.framework; name = UIKit.framework; path = System/Library/Frameworks/UIKit.framework; sourceTree = SDKROOT; };
		7770A3FF18F0A681009D7650 /* Chess Stream-Info.plist */ = {isa = PBXFileReference; lastKnownFileType = text.plist.xml; path = "Chess Stream-Info.plist"; sourceTree = "<group>"; };
		7770A40118F0A681009D7650 /* en */ = {isa = PBXFileReference; lastKnownFileType = text.plist.strings; name = en; path = en.lproj/InfoPlist.strings; sourceTree = "<group>"; };
		7770A40318F0A681009D7650 /* main.m */ = {isa = PBXFileReference; lastKnownFileType = sourcecode.c.objc; path = main.m; sourceTree = "<group>"; };
		7770A40518F0A681009D7650 /* Chess Stream-Prefix.pch */ = {isa = PBXFileReference; lastKnownFileType = sourcecode.c.h; path = "Chess Stream-Prefix.pch"; sourceTree = "<group>"; };
		7770A40618F0A681009D7650 /* CSMAppDelegate.h */ = {isa = PBXFileReference; lastKnownFileType = sourcecode.c.h; path = CSMAppDelegate.h; sourceTree = "<group>"; };
		7770A40718F0A681009D7650 /* CSMAppDelegate.m */ = {isa = PBXFileReference; lastKnownFileType = sourcecode.c.objc; path = CSMAppDelegate.m; sourceTree = "<group>"; };
		7770A40A18F0A681009D7650 /* Base */ = {isa = PBXFileReference; lastKnownFileType = file.storyboard; name = Base; path = Base.lproj/Main.storyboard; sourceTree = "<group>"; };
		7770A40C18F0A681009D7650 /* CSMViewController.h */ = {isa = PBXFileReference; lastKnownFileType = sourcecode.c.h; path = CSMViewController.h; sourceTree = "<group>"; };
		7770A40D18F0A681009D7650 /* CSMViewController.m */ = {isa = PBXFileReference; lastKnownFileType = sourcecode.c.objc; path = CSMViewController.m; sourceTree = "<group>"; };
		7770A40F18F0A681009D7650 /* Images.xcassets */ = {isa = PBXFileReference; lastKnownFileType = folder.assetcatalog; path = Images.xcassets; sourceTree = "<group>"; };
		7770A41518F0A681009D7650 /* Chess StreamTests.xctest */ = {isa = PBXFileReference; explicitFileType = wrapper.cfbundle; includeInIndex = 0; path = "Chess StreamTests.xctest"; sourceTree = BUILT_PRODUCTS_DIR; };
		7770A41618F0A681009D7650 /* XCTest.framework */ = {isa = PBXFileReference; lastKnownFileType = wrapper.framework; name = XCTest.framework; path = Library/Frameworks/XCTest.framework; sourceTree = DEVELOPER_DIR; };
		7770A41E18F0A681009D7650 /* Chess StreamTests-Info.plist */ = {isa = PBXFileReference; lastKnownFileType = text.plist.xml; path = "Chess StreamTests-Info.plist"; sourceTree = "<group>"; };
		7770A42018F0A681009D7650 /* en */ = {isa = PBXFileReference; lastKnownFileType = text.plist.strings; name = en; path = en.lproj/InfoPlist.strings; sourceTree = "<group>"; };
		7770A42218F0A681009D7650 /* Chess_StreamTests.m */ = {isa = PBXFileReference; lastKnownFileType = sourcecode.c.objc; path = Chess_StreamTests.m; sourceTree = "<group>"; };
		7770A42C18F0B8D2009D7650 /* CSMCaptureAndUploadVC.h */ = {isa = PBXFileReference; fileEncoding = 4; lastKnownFileType = sourcecode.c.h; path = CSMCaptureAndUploadVC.h; sourceTree = "<group>"; };
		7770A42D18F0B8D2009D7650 /* CSMCaptureAndUploadVC.m */ = {isa = PBXFileReference; fileEncoding = 4; lastKnownFileType = sourcecode.c.objc; path = CSMCaptureAndUploadVC.m; sourceTree = "<group>"; };
		7770A42F18F0BD82009D7650 /* AVFoundation.framework */ = {isa = PBXFileReference; lastKnownFileType = wrapper.framework; name = AVFoundation.framework; path = System/Library/Frameworks/AVFoundation.framework; sourceTree = SDKROOT; };
		7770A43118F0D596009D7650 /* AVCamPreviewView.h */ = {isa = PBXFileReference; fileEncoding = 4; lastKnownFileType = sourcecode.c.h; path = AVCamPreviewView.h; sourceTree = "<group>"; };
		7770A43218F0D596009D7650 /* AVCamPreviewView.m */ = {isa = PBXFileReference; fileEncoding = 4; lastKnownFileType = sourcecode.c.objc; path = AVCamPreviewView.m; sourceTree = "<group>"; };
		7770A43418F0DF51009D7650 /* libPods-AFNetworking.a */ = {isa = PBXFileReference; lastKnownFileType = archive.ar; name = "libPods-AFNetworking.a"; path = "Pods/build/Debug-iphoneos/libPods-AFNetworking.a"; sourceTree = "<group>"; };
		99EBF9794BC9481DB98ED7CB /* libPods.a */ = {isa = PBXFileReference; explicitFileType = archive.ar; includeInIndex = 0; path = libPods.a; sourceTree = BUILT_PRODUCTS_DIR; };
/* End PBXFileReference section */

/* Begin PBXFrameworksBuildPhase section */
		7770A3F118F0A681009D7650 /* Frameworks */ = {
			isa = PBXFrameworksBuildPhase;
			buildActionMask = 2147483647;
			files = (
				7770A43018F0BD82009D7650 /* AVFoundation.framework in Frameworks */,
				7770A3FA18F0A681009D7650 /* CoreGraphics.framework in Frameworks */,
				7770A3FC18F0A681009D7650 /* UIKit.framework in Frameworks */,
				7770A3F818F0A681009D7650 /* Foundation.framework in Frameworks */,
				78B089C1DD0241198FFFC234 /* libPods.a in Frameworks */,
			);
			runOnlyForDeploymentPostprocessing = 0;
		};
		7770A41218F0A681009D7650 /* Frameworks */ = {
			isa = PBXFrameworksBuildPhase;
			buildActionMask = 2147483647;
			files = (
				7770A41718F0A681009D7650 /* XCTest.framework in Frameworks */,
				7770A41918F0A681009D7650 /* UIKit.framework in Frameworks */,
				7770A41818F0A681009D7650 /* Foundation.framework in Frameworks */,
			);
			runOnlyForDeploymentPostprocessing = 0;
		};
/* End PBXFrameworksBuildPhase section */

/* Begin PBXGroup section */
		7770A3EB18F0A681009D7650 = {
			isa = PBXGroup;
			children = (
				7770A3FD18F0A681009D7650 /* Chess Stream */,
				7770A41C18F0A681009D7650 /* Chess StreamTests */,
				7770A3F618F0A681009D7650 /* Frameworks */,
				7770A3F518F0A681009D7650 /* Products */,
				596CE78B8B10473FB92475EE /* Pods.xcconfig */,
			);
			sourceTree = "<group>";
		};
		7770A3F518F0A681009D7650 /* Products */ = {
			isa = PBXGroup;
			children = (
				7770A3F418F0A681009D7650 /* Chess Stream.app */,
				7770A41518F0A681009D7650 /* Chess StreamTests.xctest */,
			);
			name = Products;
			sourceTree = "<group>";
		};
		7770A3F618F0A681009D7650 /* Frameworks */ = {
			isa = PBXGroup;
			children = (
				7770A43418F0DF51009D7650 /* libPods-AFNetworking.a */,
				7770A42F18F0BD82009D7650 /* AVFoundation.framework */,
				7770A3F718F0A681009D7650 /* Foundation.framework */,
				7770A3F918F0A681009D7650 /* CoreGraphics.framework */,
				7770A3FB18F0A681009D7650 /* UIKit.framework */,
				7770A41618F0A681009D7650 /* XCTest.framework */,
				99EBF9794BC9481DB98ED7CB /* libPods.a */,
			);
			name = Frameworks;
			sourceTree = "<group>";
		};
		7770A3FD18F0A681009D7650 /* Chess Stream */ = {
			isa = PBXGroup;
			children = (
				7770A40618F0A681009D7650 /* CSMAppDelegate.h */,
				7770A40718F0A681009D7650 /* CSMAppDelegate.m */,
				7770A40918F0A681009D7650 /* Main.storyboard */,
				7770A42C18F0B8D2009D7650 /* CSMCaptureAndUploadVC.h */,
				7770A42D18F0B8D2009D7650 /* CSMCaptureAndUploadVC.m */,
				7770A40C18F0A681009D7650 /* CSMViewController.h */,
				7770A40D18F0A681009D7650 /* CSMViewController.m */,
				7770A43118F0D596009D7650 /* AVCamPreviewView.h */,
				7770A43218F0D596009D7650 /* AVCamPreviewView.m */,
				7770A40F18F0A681009D7650 /* Images.xcassets */,
				7770A3FE18F0A681009D7650 /* Supporting Files */,
			);
			path = "Chess Stream";
			sourceTree = "<group>";
		};
		7770A3FE18F0A681009D7650 /* Supporting Files */ = {
			isa = PBXGroup;
			children = (
				7770A3FF18F0A681009D7650 /* Chess Stream-Info.plist */,
				7770A40018F0A681009D7650 /* InfoPlist.strings */,
				7770A40318F0A681009D7650 /* main.m */,
				7770A40518F0A681009D7650 /* Chess Stream-Prefix.pch */,
			);
			name = "Supporting Files";
			sourceTree = "<group>";
		};
		7770A41C18F0A681009D7650 /* Chess StreamTests */ = {
			isa = PBXGroup;
			children = (
				7770A42218F0A681009D7650 /* Chess_StreamTests.m */,
				7770A41D18F0A681009D7650 /* Supporting Files */,
			);
			path = "Chess StreamTests";
			sourceTree = "<group>";
		};
		7770A41D18F0A681009D7650 /* Supporting Files */ = {
			isa = PBXGroup;
			children = (
				7770A41E18F0A681009D7650 /* Chess StreamTests-Info.plist */,
				7770A41F18F0A681009D7650 /* InfoPlist.strings */,
			);
			name = "Supporting Files";
			sourceTree = "<group>";
		};
/* End PBXGroup section */

/* Begin PBXNativeTarget section */
		7770A3F318F0A681009D7650 /* Chess Stream */ = {
			isa = PBXNativeTarget;
			buildConfigurationList = 7770A42618F0A681009D7650 /* Build configuration list for PBXNativeTarget "Chess Stream" */;
			buildPhases = (
				8E1FAAD694464CEB902EBCAB /* Check Pods Manifest.lock */,
				7770A3F018F0A681009D7650 /* Sources */,
				7770A3F118F0A681009D7650 /* Frameworks */,
				7770A3F218F0A681009D7650 /* Resources */,
				380251ED485B4246AE5F8186 /* Copy Pods Resources */,
			);
			buildRules = (
			);
			dependencies = (
			);
			name = "Chess Stream";
			productName = "Chess Stream";
			productReference = 7770A3F418F0A681009D7650 /* Chess Stream.app */;
			productType = "com.apple.product-type.application";
		};
		7770A41418F0A681009D7650 /* Chess StreamTests */ = {
			isa = PBXNativeTarget;
			buildConfigurationList = 7770A42918F0A681009D7650 /* Build configuration list for PBXNativeTarget "Chess StreamTests" */;
			buildPhases = (
				7770A41118F0A681009D7650 /* Sources */,
				7770A41218F0A681009D7650 /* Frameworks */,
				7770A41318F0A681009D7650 /* Resources */,
			);
			buildRules = (
			);
			dependencies = (
				7770A41B18F0A681009D7650 /* PBXTargetDependency */,
			);
			name = "Chess StreamTests";
			productName = "Chess StreamTests";
			productReference = 7770A41518F0A681009D7650 /* Chess StreamTests.xctest */;
			productType = "com.apple.product-type.bundle.unit-test";
		};
/* End PBXNativeTarget section */

/* Begin PBXProject section */
		7770A3EC18F0A681009D7650 /* Project object */ = {
			isa = PBXProject;
			attributes = {
				CLASSPREFIX = CSM;
				LastUpgradeCheck = 0510;
				ORGANIZATIONNAME = "Daylen Yang";
				TargetAttributes = {
					7770A41418F0A681009D7650 = {
						TestTargetID = 7770A3F318F0A681009D7650;
					};
				};
			};
			buildConfigurationList = 7770A3EF18F0A681009D7650 /* Build configuration list for PBXProject "Chess Stream" */;
			compatibilityVersion = "Xcode 3.2";
			developmentRegion = English;
			hasScannedForEncodings = 0;
			knownRegions = (
				en,
				Base,
			);
			mainGroup = 7770A3EB18F0A681009D7650;
			productRefGroup = 7770A3F518F0A681009D7650 /* Products */;
			projectDirPath = "";
			projectRoot = "";
			targets = (
				7770A3F318F0A681009D7650 /* Chess Stream */,
				7770A41418F0A681009D7650 /* Chess StreamTests */,
			);
		};
/* End PBXProject section */

/* Begin PBXResourcesBuildPhase section */
		7770A3F218F0A681009D7650 /* Resources */ = {
			isa = PBXResourcesBuildPhase;
			buildActionMask = 2147483647;
			files = (
				7770A41018F0A681009D7650 /* Images.xcassets in Resources */,
				7770A40218F0A681009D7650 /* InfoPlist.strings in Resources */,
				7770A40B18F0A681009D7650 /* Main.storyboard in Resources */,
			);
			runOnlyForDeploymentPostprocessing = 0;
		};
		7770A41318F0A681009D7650 /* Resources */ = {
			isa = PBXResourcesBuildPhase;
			buildActionMask = 2147483647;
			files = (
				7770A42118F0A681009D7650 /* InfoPlist.strings in Resources */,
			);
			runOnlyForDeploymentPostprocessing = 0;
		};
/* End PBXResourcesBuildPhase section */

/* Begin PBXShellScriptBuildPhase section */
		380251ED485B4246AE5F8186 /* Copy Pods Resources */ = {
			isa = PBXShellScriptBuildPhase;
			buildActionMask = 2147483647;
			files = (
			);
			inputPaths = (
			);
			name = "Copy Pods Resources";
			outputPaths = (
			);
			runOnlyForDeploymentPostprocessing = 0;
			shellPath = /bin/sh;
			shellScript = "\"${SRCROOT}/Pods/Pods-resources.sh\"\n";
			showEnvVarsInLog = 0;
		};
		8E1FAAD694464CEB902EBCAB /* Check Pods Manifest.lock */ = {
			isa = PBXShellScriptBuildPhase;
			buildActionMask = 2147483647;
			files = (
			);
			inputPaths = (
			);
			name = "Check Pods Manifest.lock";
			outputPaths = (
			);
			runOnlyForDeploymentPostprocessing = 0;
			shellPath = /bin/sh;
			shellScript = "diff \"${PODS_ROOT}/../Podfile.lock\" \"${PODS_ROOT}/Manifest.lock\" > /dev/null\nif [[ $? != 0 ]] ; then\n    cat << EOM\nerror: The sandbox is not in sync with the Podfile.lock. Run 'pod install' or update your CocoaPods installation.\nEOM\n    exit 1\nfi\n";
			showEnvVarsInLog = 0;
		};
/* End PBXShellScriptBuildPhase section */

/* Begin PBXSourcesBuildPhase section */
		7770A3F018F0A681009D7650 /* Sources */ = {
			isa = PBXSourcesBuildPhase;
			buildActionMask = 2147483647;
			files = (
				7770A40818F0A681009D7650 /* CSMAppDelegate.m in Sources */,
				7770A40418F0A681009D7650 /* main.m in Sources */,
				7770A42E18F0B8D2009D7650 /* CSMCaptureAndUploadVC.m in Sources */,
				7770A40E18F0A681009D7650 /* CSMViewController.m in Sources */,
				7770A43318F0D596009D7650 /* AVCamPreviewView.m in Sources */,
			);
			runOnlyForDeploymentPostprocessing = 0;
		};
		7770A41118F0A681009D7650 /* Sources */ = {
			isa = PBXSourcesBuildPhase;
			buildActionMask = 2147483647;
			files = (
				7770A42318F0A681009D7650 /* Chess_StreamTests.m in Sources */,
			);
			runOnlyForDeploymentPostprocessing = 0;
		};
/* End PBXSourcesBuildPhase section */

/* Begin PBXTargetDependency section */
		7770A41B18F0A681009D7650 /* PBXTargetDependency */ = {
			isa = PBXTargetDependency;
			target = 7770A3F318F0A681009D7650 /* Chess Stream */;
			targetProxy = 7770A41A18F0A681009D7650 /* PBXContainerItemProxy */;
		};
/* End PBXTargetDependency section */

/* Begin PBXVariantGroup section */
		7770A40018F0A681009D7650 /* InfoPlist.strings */ = {
			isa = PBXVariantGroup;
			children = (
				7770A40118F0A681009D7650 /* en */,
			);
			name = InfoPlist.strings;
			sourceTree = "<group>";
		};
		7770A40918F0A681009D7650 /* Main.storyboard */ = {
			isa = PBXVariantGroup;
			children = (
				7770A40A18F0A681009D7650 /* Base */,
			);
			name = Main.storyboard;
			sourceTree = "<group>";
		};
		7770A41F18F0A681009D7650 /* InfoPlist.strings */ = {
			isa = PBXVariantGroup;
			children = (
				7770A42018F0A681009D7650 /* en */,
			);
			name = InfoPlist.strings;
			sourceTree = "<group>";
		};
/* End PBXVariantGroup section */

/* Begin XCBuildConfiguration section */
		7770A42418F0A681009D7650 /* Debug */ = {
			isa = XCBuildConfiguration;
			buildSettings = {
				ALWAYS_SEARCH_USER_PATHS = NO;
				CLANG_CXX_LANGUAGE_STANDARD = "gnu++0x";
				CLANG_CXX_LIBRARY = "libc++";
				CLANG_ENABLE_MODULES = YES;
				CLANG_ENABLE_OBJC_ARC = YES;
				CLANG_WARN_BOOL_CONVERSION = YES;
				CLANG_WARN_CONSTANT_CONVERSION = YES;
				CLANG_WARN_DIRECT_OBJC_ISA_USAGE = YES_ERROR;
				CLANG_WARN_EMPTY_BODY = YES;
				CLANG_WARN_ENUM_CONVERSION = YES;
				CLANG_WARN_INT_CONVERSION = YES;
				CLANG_WARN_OBJC_ROOT_CLASS = YES_ERROR;
				CLANG_WARN__DUPLICATE_METHOD_MATCH = YES;
				"CODE_SIGN_IDENTITY[sdk=iphoneos*]" = "iPhone Developer";
				COPY_PHASE_STRIP = NO;
				GCC_C_LANGUAGE_STANDARD = gnu99;
				GCC_DYNAMIC_NO_PIC = NO;
				GCC_OPTIMIZATION_LEVEL = 0;
				GCC_PREPROCESSOR_DEFINITIONS = (
					"DEBUG=1",
					"$(inherited)",
				);
				GCC_SYMBOLS_PRIVATE_EXTERN = NO;
				GCC_WARN_64_TO_32_BIT_CONVERSION = YES;
				GCC_WARN_ABOUT_RETURN_TYPE = YES_ERROR;
				GCC_WARN_UNDECLARED_SELECTOR = YES;
				GCC_WARN_UNINITIALIZED_AUTOS = YES_AGGRESSIVE;
				GCC_WARN_UNUSED_FUNCTION = YES;
				GCC_WARN_UNUSED_VARIABLE = YES;
				IPHONEOS_DEPLOYMENT_TARGET = 7.1;
				ONLY_ACTIVE_ARCH = YES;
				SDKROOT = iphoneos;
			};
			name = Debug;
		};
		7770A42518F0A681009D7650 /* Release */ = {
			isa = XCBuildConfiguration;
			buildSettings = {
				ALWAYS_SEARCH_USER_PATHS = NO;
				CLANG_CXX_LANGUAGE_STANDARD = "gnu++0x";
				CLANG_CXX_LIBRARY = "libc++";
				CLANG_ENABLE_MODULES = YES;
				CLANG_ENABLE_OBJC_ARC = YES;
				CLANG_WARN_BOOL_CONVERSION = YES;
				CLANG_WARN_CONSTANT_CONVERSION = YES;
				CLANG_WARN_DIRECT_OBJC_ISA_USAGE = YES_ERROR;
				CLANG_WARN_EMPTY_BODY = YES;
				CLANG_WARN_ENUM_CONVERSION = YES;
				CLANG_WARN_INT_CONVERSION = YES;
				CLANG_WARN_OBJC_ROOT_CLASS = YES_ERROR;
				CLANG_WARN__DUPLICATE_METHOD_MATCH = YES;
				"CODE_SIGN_IDENTITY[sdk=iphoneos*]" = "iPhone Developer";
				COPY_PHASE_STRIP = YES;
				ENABLE_NS_ASSERTIONS = NO;
				GCC_C_LANGUAGE_STANDARD = gnu99;
				GCC_WARN_64_TO_32_BIT_CONVERSION = YES;
				GCC_WARN_ABOUT_RETURN_TYPE = YES_ERROR;
				GCC_WARN_UNDECLARED_SELECTOR = YES;
				GCC_WARN_UNINITIALIZED_AUTOS = YES_AGGRESSIVE;
				GCC_WARN_UNUSED_FUNCTION = YES;
				GCC_WARN_UNUSED_VARIABLE = YES;
				IPHONEOS_DEPLOYMENT_TARGET = 7.1;
				SDKROOT = iphoneos;
				VALIDATE_PRODUCT = YES;
			};
			name = Release;
		};
		7770A42718F0A681009D7650 /* Debug */ = {
			isa = XCBuildConfiguration;
			baseConfigurationReference = 596CE78B8B10473FB92475EE /* Pods.xcconfig */;
			buildSettings = {
				ASSETCATALOG_COMPILER_APPICON_NAME = AppIcon;
				ASSETCATALOG_COMPILER_LAUNCHIMAGE_NAME = LaunchImage;
				GCC_PRECOMPILE_PREFIX_HEADER = YES;
				GCC_PREFIX_HEADER = "Chess Stream/Chess Stream-Prefix.pch";
				INFOPLIST_FILE = "Chess Stream/Chess Stream-Info.plist";
				LIBRARY_SEARCH_PATHS = (
					"$(inherited)",
					"$(PROJECT_DIR)/Pods/build/Debug-iphoneos",
				);
				PRODUCT_NAME = "$(TARGET_NAME)";
				WRAPPER_EXTENSION = app;
			};
			name = Debug;
		};
		7770A42818F0A681009D7650 /* Release */ = {
			isa = XCBuildConfiguration;
			baseConfigurationReference = 596CE78B8B10473FB92475EE /* Pods.xcconfig */;
			buildSettings = {
				ASSETCATALOG_COMPILER_APPICON_NAME = AppIcon;
				ASSETCATALOG_COMPILER_LAUNCHIMAGE_NAME = LaunchImage;
				GCC_PRECOMPILE_PREFIX_HEADER = YES;
				GCC_PREFIX_HEADER = "Chess Stream/Chess Stream-Prefix.pch";
				INFOPLIST_FILE = "Chess Stream/Chess Stream-Info.plist";
				LIBRARY_SEARCH_PATHS = (
					"$(inherited)",
					"$(PROJECT_DIR)/Pods/build/Debug-iphoneos",
				);
				PRODUCT_NAME = "$(TARGET_NAME)";
				WRAPPER_EXTENSION = app;
			};
			name = Release;
		};
		7770A42A18F0A681009D7650 /* Debug */ = {
			isa = XCBuildConfiguration;
			buildSettings = {
				BUNDLE_LOADER = "$(BUILT_PRODUCTS_DIR)/Chess Stream.app/Chess Stream";
				FRAMEWORK_SEARCH_PATHS = (
					"$(SDKROOT)/Developer/Library/Frameworks",
					"$(inherited)",
					"$(DEVELOPER_FRAMEWORKS_DIR)",
				);
				GCC_PRECOMPILE_PREFIX_HEADER = YES;
				GCC_PREFIX_HEADER = "Chess Stream/Chess Stream-Prefix.pch";
				GCC_PREPROCESSOR_DEFINITIONS = (
					"DEBUG=1",
					"$(inherited)",
				);
				INFOPLIST_FILE = "Chess StreamTests/Chess StreamTests-Info.plist";
				PRODUCT_NAME = "$(TARGET_NAME)";
				TEST_HOST = "$(BUNDLE_LOADER)";
				WRAPPER_EXTENSION = xctest;
			};
			name = Debug;
		};
		7770A42B18F0A681009D7650 /* Release */ = {
			isa = XCBuildConfiguration;
			buildSettings = {
				BUNDLE_LOADER = "$(BUILT_PRODUCTS_DIR)/Chess Stream.app/Chess Stream";
				FRAMEWORK_SEARCH_PATHS = (
					"$(SDKROOT)/Developer/Library/Frameworks",
					"$(inherited)",
					"$(DEVELOPER_FRAMEWORKS_DIR)",
				);
				GCC_PRECOMPILE_PREFIX_HEADER = YES;
				GCC_PREFIX_HEADER = "Chess Stream/Chess Stream-Prefix.pch";
				INFOPLIST_FILE = "Chess StreamTests/Chess StreamTests-Info.plist";
				PRODUCT_NAME = "$(TARGET_NAME)";
				TEST_HOST = "$(BUNDLE_LOADER)";
				WRAPPER_EXTENSION = xctest;
			};
			name = Release;
		};
/* End XCBuildConfiguration section */

/* Begin XCConfigurationList section */
		7770A3EF18F0A681009D7650 /* Build configuration list for PBXProject "Chess Stream" */ = {
			isa = XCConfigurationList;
			buildConfigurations = (
				7770A42418F0A681009D7650 /* Debug */,
				7770A42518F0A681009D7650 /* Release */,
			);
			defaultConfigurationIsVisible = 0;
			defaultConfigurationName = Release;
		};
		7770A42618F0A681009D7650 /* Build configuration list for PBXNativeTarget "Chess Stream" */ = {
			isa = XCConfigurationList;
			buildConfigurations = (
				7770A42718F0A681009D7650 /* Debug */,
				7770A42818F0A681009D7650 /* Release */,
			);
			defaultConfigurationIsVisible = 0;
			defaultConfigurationName = Release;
		};
		7770A42918F0A681009D7650 /* Build configuration list for PBXNativeTarget "Chess StreamTests" */ = {
			isa = XCConfigurationList;
			buildConfigurations = (
				7770A42A18F0A681009D7650 /* Debug */,
				7770A42B18F0A681009D7650 /* Release */,
			);
			defaultConfigurationIsVisible = 0;
			defaultConfigurationName = Release;
		};
/* End XCConfigurationList section */
	};
	rootObject = 7770A3EC18F0A681009D7650 /* Project object */;
}
